Microsoft Visual Studio Solution File, Format Version 12.00
# Visual Studio Version 17
VisualStudioVersion = 17.5.2.0
MinimumVisualStudioVersion = 10.0.40219.1
Project("{FAE04EC0-301F-11D3-BF4B-00C04F79EFBC}") = "ListasEnlazadasOK", "ListasEnlazadasOK.csproj", "{7D82B1D7-2F5A-995A-E688-4ED9672ACAA0}"
EndProject
Global
	GlobalSection(SolutionConfigurationPlatforms) = preSolution
		Debug|Any CPU = Debug|Any CPU
		Release|Any CPU = Release|Any CPU
	EndGlobalSection
	GlobalSection(ProjectConfigurationPlatforms) = postSolution
		{7D82B1D7-2F5A-995A-E688-4ED9672ACAA0}.Debug|Any CPU.ActiveCfg = Debug|Any CPU
		{7D82B1D7-2F5A-995A-E688-4ED9672ACAA0}.Debug|Any CPU.Build.0 = Debug|Any CPU
		{7D82B1D7-2F5A-995A-E688-4ED9672ACAA0}.Release|Any CPU.ActiveCfg = Release|Any CPU
		{7D82B1D7-2F5A-995A-E688-4ED9672ACAA0}.Release|Any CPU.Build.0 = Release|Any CPU
	EndGlobalSection
	GlobalSection(SolutionProperties) = preSolution
		HideSolutionNode = FALSE
	EndGlobalSection
	GlobalSection(ExtensibilityGlobals) = postSolution
		SolutionGuid = {313BA8DD-907C-4469-A6FD-213057854701}
	EndGlobalSection
EndGlobal
